
Microsoft Visual Studio Solution File, Format Version 12.00
# Visual Studio Version 16
VisualStudioVersion = 16.0.34031.81
MinimumVisualStudioVersion = 10.0.40219.1
Project("{FAE04EC0-301F-11D3-BF4B-00C04F79EFBC}") = "QlNhaSach_25_11", "QlNhaSach_25_11\QlNhaSach_25_11.csproj", "{BE20EB58-EEA3-4091-AB50-D642C4FB8908}"
EndProject
Global
	GlobalSection(SolutionConfigurationPlatforms) = preSolution
		Debug|Any CPU = Debug|Any CPU
		Release|Any CPU = Release|Any CPU
	EndGlobalSection
	GlobalSection(ProjectConfigurationPlatforms) = postSolution
		{BE20EB58-EEA3-4091-AB50-D642C4FB8908}.Debug|Any CPU.ActiveCfg = Debug|Any CPU
		{BE20EB58-EEA3-4091-AB50-D642C4FB8908}.Debug|Any CPU.Build.0 = Debug|Any CPU
		{BE20EB58-EEA3-4091-AB50-D642C4FB8908}.Release|Any CPU.ActiveCfg = Release|Any CPU
		{BE20EB58-EEA3-4091-AB50-D642C4FB8908}.Release|Any CPU.Build.0 = Release|Any CPU
	EndGlobalSection
	GlobalSection(SolutionProperties) = preSolution
		HideSolutionNode = FALSE
	EndGlobalSection
	GlobalSection(ExtensibilityGlobals) = postSolution
		SolutionGuid = {1723928B-955C-439D-B60F-21513E869C24}
	EndGlobalSection
EndGlobal
